{
  "name": "@ssttevee/cfw-formdata-polyfill",
  "version": "0.2.1",
  "lockfileVersion": 1,
  "requires": true,
  "dependencies": {
    "@ssttevee/blob-ponyfill": {
      "version": "0.1.0",
      "resolved": "https://registry.npmjs.org/@ssttevee/blob-ponyfill/-/blob-ponyfill-0.1.0.tgz",
      "integrity": "sha512-JqjpKtbwYukrS24Vk/W4OfHeTWEssnggSUksZZGmCNmxrpwDP3d6BwUcUtOruazmdNp9fB2SXWophjSGZzLd7g==",
      "requires": {
        "@ssttevee/u8-utils": "^0.1.3"
      }
    },
    "@ssttevee/formdata-ponyfill": {
      "version": "0.1.4",
      "resolved": "https://registry.npmjs.org/@ssttevee/formdata-ponyfill/-/formdata-ponyfill-0.1.4.tgz",
      "integrity": "sha512-8GeH2CmdUEqFO68I4XDjqG6z2QNCYfaYnqJ4U+RoQZsM6UXVyudjIUHaF1LLTcNFggyQvE5gUg5wvFZluYBWMw=="
    },
    "@ssttevee/multipart-parser": {
      "version": "0.1.6",
      "resolved": "https://registry.npmjs.org/@ssttevee/multipart-parser/-/multipart-parser-0.1.6.tgz",
      "integrity": "sha512-UYsSZzxSKB7SFcgfE6wGeng4VR4/rC33zoWxtME4deirIztP/XPUBbX+lbLqV1+YdlKzmow4a4K1VfMB1DH00Q==",
      "requires": {
        "@ssttevee/streamsearch": "^0.1.3",
        "@ssttevee/u8-utils": "^0.1.3"
      }
    },
    "@ssttevee/streamsearch": {
      "version": "0.1.4",
      "resolved": "https://registry.npmjs.org/@ssttevee/streamsearch/-/streamsearch-0.1.4.tgz",
      "integrity": "sha512-9yMRfhL/01h201Zuv65ly43NUpNy6wVdu9zT35bvmc7ct4OZCl5DLdfc7gzZB9teG6YuP0/GmlnuXtMgmA5axg==",
      "requires": {
        "@ssttevee/u8-utils": "^0.1.4"
      },
      "dependencies": {
        "@ssttevee/u8-utils": {
          "version": "0.1.4",
          "resolved": "https://registry.npmjs.org/@ssttevee/u8-utils/-/u8-utils-0.1.4.tgz",
          "integrity": "sha512-CqnrqVpq/PAp0K+H1KfRHwCZlNzqWPM080Ps33UHHe2QbGURHNBZdlK2ycNJRNHkroMtkCyabrjWF1UsFjOrEw=="
        }
      }
    },
    "@ssttevee/u8-utils": {
      "version": "0.1.3",
      "resolved": "https://registry.npmjs.org/@ssttevee/u8-utils/-/u8-utils-0.1.3.tgz",
      "integrity": "sha512-XX1JMEmKtxL7W3u9ZTZRkYVEk9/vhGD0DCJ0GHO15m+nO0PeUxcvLuGF3Y7w71DU2NYtxVWg+QOkcXqwbru2VA=="
    },
    "typescript": {
      "version": "3.5.3",
      "resolved": "https://registry.npmjs.org/typescript/-/typescript-3.5.3.tgz",
      "integrity": "sha512-ACzBtm/PhXBDId6a6sDJfroT2pOWt/oOnk4/dElG5G33ZL776N3Y6/6bKZJBFpd+b05F3Ct9qDjMeJmRWtE2/g==",
      "dev": true
    }
  }
}
